
Microsoft Visual Studio Solution File, Format Version 12.00
# Visual Studio Version 16
VisualStudioVersion = 16.0.31019.35
MinimumVisualStudioVersion = 10.0.40219.1
Project("{FAE04EC0-301F-11D3-BF4B-00C04F79EFBC}") = "ConsoleAppAsp", "ConsoleAppAsp\ConsoleAppAsp.csproj", "{BF00D70A-E84A-4627-A387-291EF2648171}"
EndProject
Global
	GlobalSection(SolutionConfigurationPlatforms) = preSolution
		Debug|Any CPU = Debug|Any CPU
		Release|Any CPU = Release|Any CPU
	EndGlobalSection
	GlobalSection(ProjectConfigurationPlatforms) = postSolution
		{BF00D70A-E84A-4627-A387-291EF2648171}.Debug|Any CPU.ActiveCfg = Debug|Any CPU
		{BF00D70A-E84A-4627-A387-291EF2648171}.Debug|Any CPU.Build.0 = Debug|Any CPU
		{BF00D70A-E84A-4627-A387-291EF2648171}.Release|Any CPU.ActiveCfg = Release|Any CPU
		{BF00D70A-E84A-4627-A387-291EF2648171}.Release|Any CPU.Build.0 = Release|Any CPU
	EndGlobalSection
	GlobalSection(SolutionProperties) = preSolution
		HideSolutionNode = FALSE
	EndGlobalSection
	GlobalSection(ExtensibilityGlobals) = postSolution
		SolutionGuid = {55C44D78-E107-4AFB-AC63-09833510880D}
	EndGlobalSection
EndGlobal
